
Microsoft Visual Studio Solution File, Format Version 12.00
Project("{FAE04EC0-301F-11D3-BF4B-00C04F79EFBC}") = "github_test_console_app", "github_test_console_app\github_test_console_app.csproj", "{AC42EC01-75BB-44B6-A9F1-264CC8B6508F}"
EndProject
Global
	GlobalSection(SolutionConfigurationPlatforms) = preSolution
		Debug|Any CPU = Debug|Any CPU
		Release|Any CPU = Release|Any CPU
	EndGlobalSection
	GlobalSection(ProjectConfigurationPlatforms) = postSolution
		{AC42EC01-75BB-44B6-A9F1-264CC8B6508F}.Debug|Any CPU.ActiveCfg = Debug|Any CPU
		{AC42EC01-75BB-44B6-A9F1-264CC8B6508F}.Debug|Any CPU.Build.0 = Debug|Any CPU
		{AC42EC01-75BB-44B6-A9F1-264CC8B6508F}.Release|Any CPU.ActiveCfg = Release|Any CPU
		{AC42EC01-75BB-44B6-A9F1-264CC8B6508F}.Release|Any CPU.Build.0 = Release|Any CPU
	EndGlobalSection
EndGlobal
